
Microsoft Visual Studio Solution File, Format Version 12.00
# Visual Studio Version 17
VisualStudioVersion = 17.2.32616.157
MinimumVisualStudioVersion = 10.0.40219.1
Project("{9A19103F-16F7-4668-BE54-9A1E7A4F7556}") = "RazorPJ", "RazorPJ\RazorPJ.csproj", "{844558C1-9BED-476E-9CB7-FC83F3161DC2}"
EndProject
Project("{2150E333-8FDC-42A3-9474-1A3956D46DE8}") = "DevExtreme NuGet.config", "DevExtreme NuGet.config", "{CB6A7BCF-5218-46DE-A121-61F64FDC8A7F}"
	ProjectSection(SolutionItems) = preProject
		NuGet.config = NuGet.config
	EndProjectSection
EndProject
Project("{9A19103F-16F7-4668-BE54-9A1E7A4F7556}") = "EntityAClass", "PCWBSClass\EntityAClass.csproj", "{BD2E4F99-FFE5-41F2-928B-58998A9FB5EC}"
EndProject
Project("{9A19103F-16F7-4668-BE54-9A1E7A4F7556}") = "FSESpeedProgrammingLib", "FSESpeedProgrammingLib\FSESpeedProgrammingLib.csproj", "{0B2BAFB1-476D-454F-8455-E1FDF519E509}"
EndProject
Global
	GlobalSection(SolutionConfigurationPlatforms) = preSolution
		Debug|Any CPU = Debug|Any CPU
		Release|Any CPU = Release|Any CPU
	EndGlobalSection
	GlobalSection(ProjectConfigurationPlatforms) = postSolution
		{844558C1-9BED-476E-9CB7-FC83F3161DC2}.Debug|Any CPU.ActiveCfg = Debug|Any CPU
		{844558C1-9BED-476E-9CB7-FC83F3161DC2}.Debug|Any CPU.Build.0 = Debug|Any CPU
		{844558C1-9BED-476E-9CB7-FC83F3161DC2}.Release|Any CPU.ActiveCfg = Release|Any CPU
		{844558C1-9BED-476E-9CB7-FC83F3161DC2}.Release|Any CPU.Build.0 = Release|Any CPU
		{BD2E4F99-FFE5-41F2-928B-58998A9FB5EC}.Debug|Any CPU.ActiveCfg = Debug|Any CPU
		{BD2E4F99-FFE5-41F2-928B-58998A9FB5EC}.Debug|Any CPU.Build.0 = Debug|Any CPU
		{BD2E4F99-FFE5-41F2-928B-58998A9FB5EC}.Release|Any CPU.ActiveCfg = Release|Any CPU
		{BD2E4F99-FFE5-41F2-928B-58998A9FB5EC}.Release|Any CPU.Build.0 = Release|Any CPU
		{0B2BAFB1-476D-454F-8455-E1FDF519E509}.Debug|Any CPU.ActiveCfg = Debug|Any CPU
		{0B2BAFB1-476D-454F-8455-E1FDF519E509}.Debug|Any CPU.Build.0 = Debug|Any CPU
		{0B2BAFB1-476D-454F-8455-E1FDF519E509}.Release|Any CPU.ActiveCfg = Release|Any CPU
		{0B2BAFB1-476D-454F-8455-E1FDF519E509}.Release|Any CPU.Build.0 = Release|Any CPU
	EndGlobalSection
	GlobalSection(SolutionProperties) = preSolution
		HideSolutionNode = FALSE
	EndGlobalSection
	GlobalSection(ExtensibilityGlobals) = postSolution
		SolutionGuid = {49C244D1-B519-48EC-ACF8-509C346FF081}
	EndGlobalSection
EndGlobal
