
Microsoft Visual Studio Solution File, Format Version 12.00
# Visual Studio Version 17
VisualStudioVersion = 17.2.32616.157
MinimumVisualStudioVersion = 10.0.40219.1
Project("{FAE04EC0-301F-11D3-BF4B-00C04F79EFBC}") = "speed-programming-practice", "speed-programming-practice\speed-programming-practice.csproj", "{D47C44AC-00C5-4443-BA59-6C55031C8E99}"
EndProject
Project("{2150E333-8FDC-42A3-9474-1A3956D46DE8}") = "DevExtreme NuGet.config", "DevExtreme NuGet.config", "{512C8159-A850-4F6C-BBB8-F02106D46C04}"
	ProjectSection(SolutionItems) = preProject
		NuGet.config = NuGet.config
	EndProjectSection
EndProject
Global
	GlobalSection(SolutionConfigurationPlatforms) = preSolution
		Debug|Any CPU = Debug|Any CPU
		Release|Any CPU = Release|Any CPU
	EndGlobalSection
	GlobalSection(ProjectConfigurationPlatforms) = postSolution
		{D47C44AC-00C5-4443-BA59-6C55031C8E99}.Debug|Any CPU.ActiveCfg = Debug|Any CPU
		{D47C44AC-00C5-4443-BA59-6C55031C8E99}.Debug|Any CPU.Build.0 = Debug|Any CPU
		{D47C44AC-00C5-4443-BA59-6C55031C8E99}.Release|Any CPU.ActiveCfg = Release|Any CPU
		{D47C44AC-00C5-4443-BA59-6C55031C8E99}.Release|Any CPU.Build.0 = Release|Any CPU
	EndGlobalSection
	GlobalSection(SolutionProperties) = preSolution
		HideSolutionNode = FALSE
	EndGlobalSection
	GlobalSection(ExtensibilityGlobals) = postSolution
		SolutionGuid = {F5D3B350-F4FD-4669-BAD5-3B18B66DF13D}
	EndGlobalSection
EndGlobal
